// !$*UTF8*$!
{
	archiveVersion = 1;
	classes = {
	};
	objectVersion = 46;
	objects = {

/* Begin PBXBuildFile section */
		D8194CBE19C63E3E009F2499 /* Piano.m4a in Resources */ = {isa = PBXBuildFile; fileRef = D8E391EA19C6140D00C506E2 /* Piano.m4a */; };
		D8194CC019C64144009F2499 /* Pulse.m4a in Resources */ = {isa = PBXBuildFile; fileRef = D8194CBF19C64144009F2499 /* Pulse.m4a */; };
		D8194CC219C646CD009F2499 /* Swell.m4a in Resources */ = {isa = PBXBuildFile; fileRef = D8194CC119C646CD009F2499 /* Swell.m4a */; };
		D838384319B68CBE003D1559 /* Bell.m4a in Resources */ = {isa = PBXBuildFile; fileRef = D838383C19B68CBE003D1559 /* Bell.m4a */; };
		D84B45FD1A3C6FDB001E5233 /* MainViewController.swift in Sources */ = {isa = PBXBuildFile; fileRef = D84B45FC1A3C6FDB001E5233 /* MainViewController.swift */; };
		D84B45FF1A3C7BA1001E5233 /* NoteTests.swift in Sources */ = {isa = PBXBuildFile; fileRef = D84B45FE1A3C7BA1001E5233 /* NoteTests.swift */; };
		D84B46011A3C7C7C001E5233 /* Note.swift in Sources */ = {isa = PBXBuildFile; fileRef = D84B46001A3C7C7C001E5233 /* Note.swift */; };
		D84B46021A3C7C7C001E5233 /* Note.swift in Sources */ = {isa = PBXBuildFile; fileRef = D84B46001A3C7C7C001E5233 /* Note.swift */; };
		D84B46031A3C7CD0001E5233 /* Instruments.swift in Sources */ = {isa = PBXBuildFile; fileRef = D8DD6D6219C5F3770063F0BE /* Instruments.swift */; };
		D84B46041A3C7CE2001E5233 /* MIDISampler.swift in Sources */ = {isa = PBXBuildFile; fileRef = D8E8839019B7E0CB00A8EC6D /* MIDISampler.swift */; };
		D84F43EF19C5C4720081E3D1 /* defaults.plist in Resources */ = {isa = PBXBuildFile; fileRef = D84F43EE19C5C4720081E3D1 /* defaults.plist */; };
		D84F43F119C5D86D0081E3D1 /* InstrumentSelectionViewController.swift in Sources */ = {isa = PBXBuildFile; fileRef = D84F43F019C5D86D0081E3D1 /* InstrumentSelectionViewController.swift */; };
		D8506B6319C5B21900CCE51B /* SemitonesPickerViewController.swift in Sources */ = {isa = PBXBuildFile; fileRef = D8506B6219C5B21900CCE51B /* SemitonesPickerViewController.swift */; };
		D88B13AD19CC471200D6BDD8 /* UIBezierPath+Hexagon.swift in Sources */ = {isa = PBXBuildFile; fileRef = D88B13AC19CC471200D6BDD8 /* UIBezierPath+Hexagon.swift */; };
		D88FCCEC19B53C30006FF205 /* AppDelegate.swift in Sources */ = {isa = PBXBuildFile; fileRef = D88FCCEB19B53C30006FF205 /* AppDelegate.swift */; };
		D88FCCEF19B53C30006FF205 /* HexKeyboard.xcdatamodeld in Sources */ = {isa = PBXBuildFile; fileRef = D88FCCED19B53C30006FF205 /* HexKeyboard.xcdatamodeld */; };
		D88FCCF119B53C30006FF205 /* ViewController.swift in Sources */ = {isa = PBXBuildFile; fileRef = D88FCCF019B53C30006FF205 /* ViewController.swift */; };
		D88FCCF419B53C30006FF205 /* Main.storyboard in Resources */ = {isa = PBXBuildFile; fileRef = D88FCCF219B53C30006FF205 /* Main.storyboard */; };
		D88FCCF619B53C30006FF205 /* Images.xcassets in Resources */ = {isa = PBXBuildFile; fileRef = D88FCCF519B53C30006FF205 /* Images.xcassets */; };
		D88FCD0219B53C30006FF205 /* HexKeyboardTests.swift in Sources */ = {isa = PBXBuildFile; fileRef = D88FCD0119B53C30006FF205 /* HexKeyboardTests.swift */; };
		D88FCD0C19B53DE2006FF205 /* HexViewController.swift in Sources */ = {isa = PBXBuildFile; fileRef = D88FCD0B19B53DE2006FF205 /* HexViewController.swift */; };
		D88FCD1019B5502D006FF205 /* HexView.swift in Sources */ = {isa = PBXBuildFile; fileRef = D88FCD0F19B5502D006FF205 /* HexView.swift */; };
		D8DD6D6319C5F3770063F0BE /* Instruments.swift in Sources */ = {isa = PBXBuildFile; fileRef = D8DD6D6219C5F3770063F0BE /* Instruments.swift */; };
		D8DEA98A19B6205E00CF8FCE /* AudioToolbox.framework in Frameworks */ = {isa = PBXBuildFile; fileRef = D8DEA98719B6205E00CF8FCE /* AudioToolbox.framework */; };
		D8DEA98B19B6205E00CF8FCE /* AVFoundation.framework in Frameworks */ = {isa = PBXBuildFile; fileRef = D8DEA98819B6205E00CF8FCE /* AVFoundation.framework */; };
		D8DEA98C19B6205E00CF8FCE /* CoreAudio.framework in Frameworks */ = {isa = PBXBuildFile; fileRef = D8DEA98919B6205E00CF8FCE /* CoreAudio.framework */; };
		D8DEA98E19B6236800CF8FCE /* Synth.swift in Sources */ = {isa = PBXBuildFile; fileRef = D8DEA98D19B6236800CF8FCE /* Synth.swift */; };
		D8E391E519C60A9500C506E2 /* record@2x.png in Resources */ = {isa = PBXBuildFile; fileRef = D8E391E419C60A9500C506E2 /* record@2x.png */; };
		D8E391E719C60AF700C506E2 /* record2.png in Resources */ = {isa = PBXBuildFile; fileRef = D8E391E619C60AF700C506E2 /* record2.png */; };
		D8E391E919C6109300C506E2 /* record.png in Resources */ = {isa = PBXBuildFile; fileRef = D8E391E819C6109300C506E2 /* record.png */; };
		D8E74F0919BB629D003F2792 /* SettingsViewController.swift in Sources */ = {isa = PBXBuildFile; fileRef = D8E74F0819BB629D003F2792 /* SettingsViewController.swift */; };
		D8E8839119B7E0CB00A8EC6D /* MIDISampler.swift in Sources */ = {isa = PBXBuildFile; fileRef = D8E8839019B7E0CB00A8EC6D /* MIDISampler.swift */; };
		D8EA55D81A3B3D7A00239629 /* Full Organ.exs in Resources */ = {isa = PBXBuildFile; fileRef = D8EA55D71A3B3D7A00239629 /* Full Organ.exs */; };
		D8EA55DE1A3B400500239629 /* Sampler Files in Resources */ = {isa = PBXBuildFile; fileRef = D8EA55DD1A3B400500239629 /* Sampler Files */; };
		D8ECE68919B5E8EE00BEB576 /* HexKey.swift in Sources */ = {isa = PBXBuildFile; fileRef = D8ECE68819B5E8EE00BEB576 /* HexKey.swift */; };
/* End PBXBuildFile section */

/* Begin PBXContainerItemProxy section */
		D88FCCFC19B53C30006FF205 /* PBXContainerItemProxy */ = {
			isa = PBXContainerItemProxy;
			containerPortal = D88FCCDE19B53C2F006FF205 /* Project object */;
			proxyType = 1;
			remoteGlobalIDString = D88FCCE519B53C30006FF205;
			remoteInfo = HexKeyboard;
		};
/* End PBXContainerItemProxy section */

/* Begin PBXFileReference section */
		D8194CBF19C64144009F2499 /* Pulse.m4a */ = {isa = PBXFileReference; lastKnownFileType = file; name = Pulse.m4a; path = HexKeyboard/Pulse.m4a; sourceTree = "<group>"; };
		D8194CC119C646CD009F2499 /* Swell.m4a */ = {isa = PBXFileReference; lastKnownFileType = file; name = Swell.m4a; path = HexKeyboard/Swell.m4a; sourceTree = "<group>"; };
		D838383C19B68CBE003D1559 /* Bell.m4a */ = {isa = PBXFileReference; lastKnownFileType = file; name = Bell.m4a; path = HexKeyboard/Bell.m4a; sourceTree = "<group>"; };
		D83E80CC19DB808200450F6A /* CoreAudioKit.framework */ = {isa = PBXFileReference; lastKnownFileType = wrapper.framework; name = CoreAudioKit.framework; path = System/Library/Frameworks/CoreAudioKit.framework; sourceTree = SDKROOT; };
		D84B45FC1A3C6FDB001E5233 /* MainViewController.swift */ = {isa = PBXFileReference; fileEncoding = 4; lastKnownFileType = sourcecode.swift; path = MainViewController.swift; sourceTree = "<group>"; };
		D84B45FE1A3C7BA1001E5233 /* NoteTests.swift */ = {isa = PBXFileReference; fileEncoding = 4; lastKnownFileType = sourcecode.swift; path = NoteTests.swift; sourceTree = "<group>"; };
		D84B46001A3C7C7C001E5233 /* Note.swift */ = {isa = PBXFileReference; fileEncoding = 4; lastKnownFileType = sourcecode.swift; path = Note.swift; sourceTree = "<group>"; };
		D84F43EE19C5C4720081E3D1 /* defaults.plist */ = {isa = PBXFileReference; fileEncoding = 4; lastKnownFileType = text.plist.xml; name = defaults.plist; path = HexKeyboard/defaults.plist; sourceTree = "<group>"; };
		D84F43F019C5D86D0081E3D1 /* InstrumentSelectionViewController.swift */ = {isa = PBXFileReference; fileEncoding = 4; lastKnownFileType = sourcecode.swift; path = InstrumentSelectionViewController.swift; sourceTree = "<group>"; };
		D8506B6219C5B21900CCE51B /* SemitonesPickerViewController.swift */ = {isa = PBXFileReference; fileEncoding = 4; lastKnownFileType = sourcecode.swift; path = SemitonesPickerViewController.swift; sourceTree = "<group>"; };
		D88B13AC19CC471200D6BDD8 /* UIBezierPath+Hexagon.swift */ = {isa = PBXFileReference; fileEncoding = 4; lastKnownFileType = sourcecode.swift; path = "UIBezierPath+Hexagon.swift"; sourceTree = "<group>"; };
		D88FCCE619B53C30006FF205 /* Harmonic.app */ = {isa = PBXFileReference; explicitFileType = wrapper.application; includeInIndex = 0; path = Harmonic.app; sourceTree = BUILT_PRODUCTS_DIR; };
		D88FCCEA19B53C30006FF205 /* Info.plist */ = {isa = PBXFileReference; lastKnownFileType = text.plist.xml; path = Info.plist; sourceTree = "<group>"; };
		D88FCCEB19B53C30006FF205 /* AppDelegate.swift */ = {isa = PBXFileReference; lastKnownFileType = sourcecode.swift; path = AppDelegate.swift; sourceTree = "<group>"; };
		D88FCCEE19B53C30006FF205 /* HexKeyboard.xcdatamodel */ = {isa = PBXFileReference; lastKnownFileType = wrapper.xcdatamodel; path = HexKeyboard.xcdatamodel; sourceTree = "<group>"; };
		D88FCCF019B53C30006FF205 /* ViewController.swift */ = {isa = PBXFileReference; lastKnownFileType = sourcecode.swift; path = ViewController.swift; sourceTree = "<group>"; };
		D88FCCF319B53C30006FF205 /* Base */ = {isa = PBXFileReference; lastKnownFileType = file.storyboard; name = Base; path = Base.lproj/Main.storyboard; sourceTree = "<group>"; };
		D88FCCF519B53C30006FF205 /* Images.xcassets */ = {isa = PBXFileReference; lastKnownFileType = folder.assetcatalog; path = Images.xcassets; sourceTree = "<group>"; };
		D88FCCFB19B53C30006FF205 /* HarmonicTests.xctest */ = {isa = PBXFileReference; explicitFileType = wrapper.cfbundle; includeInIndex = 0; path = HarmonicTests.xctest; sourceTree = BUILT_PRODUCTS_DIR; };
		D88FCD0019B53C30006FF205 /* Info.plist */ = {isa = PBXFileReference; lastKnownFileType = text.plist.xml; path = Info.plist; sourceTree = "<group>"; };
		D88FCD0119B53C30006FF205 /* HexKeyboardTests.swift */ = {isa = PBXFileReference; lastKnownFileType = sourcecode.swift; path = HexKeyboardTests.swift; sourceTree = "<group>"; };
		D88FCD0B19B53DE2006FF205 /* HexViewController.swift */ = {isa = PBXFileReference; fileEncoding = 4; lastKnownFileType = sourcecode.swift; path = HexViewController.swift; sourceTree = "<group>"; };
		D88FCD0F19B5502D006FF205 /* HexView.swift */ = {isa = PBXFileReference; fileEncoding = 4; lastKnownFileType = sourcecode.swift; path = HexView.swift; sourceTree = "<group>"; };
		D8DD6D6219C5F3770063F0BE /* Instruments.swift */ = {isa = PBXFileReference; fileEncoding = 4; lastKnownFileType = sourcecode.swift; path = Instruments.swift; sourceTree = "<group>"; };
		D8DEA98719B6205E00CF8FCE /* AudioToolbox.framework */ = {isa = PBXFileReference; lastKnownFileType = wrapper.framework; name = AudioToolbox.framework; path = System/Library/Frameworks/AudioToolbox.framework; sourceTree = SDKROOT; };
		D8DEA98819B6205E00CF8FCE /* AVFoundation.framework */ = {isa = PBXFileReference; lastKnownFileType = wrapper.framework; name = AVFoundation.framework; path = System/Library/Frameworks/AVFoundation.framework; sourceTree = SDKROOT; };
		D8DEA98919B6205E00CF8FCE /* CoreAudio.framework */ = {isa = PBXFileReference; lastKnownFileType = wrapper.framework; name = CoreAudio.framework; path = System/Library/Frameworks/CoreAudio.framework; sourceTree = SDKROOT; };
		D8DEA98D19B6236800CF8FCE /* Synth.swift */ = {isa = PBXFileReference; fileEncoding = 4; lastKnownFileType = sourcecode.swift; path = Synth.swift; sourceTree = "<group>"; };
		D8E391E419C60A9500C506E2 /* record@2x.png */ = {isa = PBXFileReference; lastKnownFileType = image.png; name = "record@2x.png"; path = "HexKeyboard/record@2x.png"; sourceTree = "<group>"; };
		D8E391E619C60AF700C506E2 /* record2.png */ = {isa = PBXFileReference; lastKnownFileType = image.png; name = record2.png; path = HexKeyboard/record2.png; sourceTree = "<group>"; };
		D8E391E819C6109300C506E2 /* record.png */ = {isa = PBXFileReference; lastKnownFileType = image.png; name = record.png; path = HexKeyboard/record.png; sourceTree = "<group>"; };
		D8E391EA19C6140D00C506E2 /* Piano.m4a */ = {isa = PBXFileReference; lastKnownFileType = file; name = Piano.m4a; path = HexKeyboard/Piano.m4a; sourceTree = "<group>"; };
		D8E74F0819BB629D003F2792 /* SettingsViewController.swift */ = {isa = PBXFileReference; fileEncoding = 4; lastKnownFileType = sourcecode.swift; path = SettingsViewController.swift; sourceTree = "<group>"; };
		D8E8839019B7E0CB00A8EC6D /* MIDISampler.swift */ = {isa = PBXFileReference; fileEncoding = 4; lastKnownFileType = sourcecode.swift; path = MIDISampler.swift; sourceTree = "<group>"; };
		D8EA55D71A3B3D7A00239629 /* Full Organ.exs */ = {isa = PBXFileReference; lastKnownFileType = file; name = "Full Organ.exs"; path = "HexKeyboard/Full Organ.exs"; sourceTree = "<group>"; };
		D8EA55DD1A3B400500239629 /* Sampler Files */ = {isa = PBXFileReference; lastKnownFileType = folder; name = "Sampler Files"; path = "HexKeyboard/Sampler Files"; sourceTree = "<group>"; };
		D8ECE68819B5E8EE00BEB576 /* HexKey.swift */ = {isa = PBXFileReference; fileEncoding = 4; lastKnownFileType = sourcecode.swift; path = HexKey.swift; sourceTree = "<group>"; };
/* End PBXFileReference section */

/* Begin PBXFrameworksBuildPhase section */
		D88FCCE319B53C30006FF205 /* Frameworks */ = {
			isa = PBXFrameworksBuildPhase;
			buildActionMask = 2147483647;
			files = (
				D8DEA98A19B6205E00CF8FCE /* AudioToolbox.framework in Frameworks */,
				D8DEA98B19B6205E00CF8FCE /* AVFoundation.framework in Frameworks */,
				D8DEA98C19B6205E00CF8FCE /* CoreAudio.framework in Frameworks */,
			);
			runOnlyForDeploymentPostprocessing = 0;
		};
		D88FCCF819B53C30006FF205 /* Frameworks */ = {
			isa = PBXFrameworksBuildPhase;
			buildActionMask = 2147483647;
			files = (
			);
			runOnlyForDeploymentPostprocessing = 0;
		};
/* End PBXFrameworksBuildPhase section */

/* Begin PBXGroup section */
		D838382419B654E2003D1559 /* Resources */ = {
			isa = PBXGroup;
			children = (
				D8EA55DD1A3B400500239629 /* Sampler Files */,
				D8EA55D71A3B3D7A00239629 /* Full Organ.exs */,
				D8194CC119C646CD009F2499 /* Swell.m4a */,
				D8194CBF19C64144009F2499 /* Pulse.m4a */,
				D8E391EA19C6140D00C506E2 /* Piano.m4a */,
				D8E391E819C6109300C506E2 /* record.png */,
				D8E391E619C60AF700C506E2 /* record2.png */,
				D8E391E419C60A9500C506E2 /* record@2x.png */,
				D838383C19B68CBE003D1559 /* Bell.m4a */,
				D84F43EE19C5C4720081E3D1 /* defaults.plist */,
			);
			name = Resources;
			path = ..;
			sourceTree = "<group>";
		};
		D88FCCDD19B53C2F006FF205 = {
			isa = PBXGroup;
			children = (
				D83E80CC19DB808200450F6A /* CoreAudioKit.framework */,
				D8DEA98719B6205E00CF8FCE /* AudioToolbox.framework */,
				D8DEA98819B6205E00CF8FCE /* AVFoundation.framework */,
				D8DEA98919B6205E00CF8FCE /* CoreAudio.framework */,
				D88FCCE819B53C30006FF205 /* HexKeyboard */,
				D88FCCFE19B53C30006FF205 /* HexKeyboardTests */,
				D88FCCE719B53C30006FF205 /* Products */,
			);
			sourceTree = "<group>";
		};
		D88FCCE719B53C30006FF205 /* Products */ = {
			isa = PBXGroup;
			children = (
				D88FCCE619B53C30006FF205 /* Harmonic.app */,
				D88FCCFB19B53C30006FF205 /* HarmonicTests.xctest */,
			);
			name = Products;
			sourceTree = "<group>";
		};
		D88FCCE819B53C30006FF205 /* HexKeyboard */ = {
			isa = PBXGroup;
			children = (
				D8BC7FE819C5DA00003E62D0 /* Instrument */,
				D8BC7FE719C5D9BA003E62D0 /* Settings Menu */,
				D838382419B654E2003D1559 /* Resources */,
				D88FCCEB19B53C30006FF205 /* AppDelegate.swift */,
				D88FCCF019B53C30006FF205 /* ViewController.swift */,
				D88FCCF219B53C30006FF205 /* Main.storyboard */,
				D88FCCF519B53C30006FF205 /* Images.xcassets */,
				D88FCCED19B53C30006FF205 /* HexKeyboard.xcdatamodeld */,
				D88FCCE919B53C30006FF205 /* Supporting Files */,
				D88B13AC19CC471200D6BDD8 /* UIBezierPath+Hexagon.swift */,
				D84B45FC1A3C6FDB001E5233 /* MainViewController.swift */,
			);
			path = HexKeyboard;
			sourceTree = "<group>";
		};
		D88FCCE919B53C30006FF205 /* Supporting Files */ = {
			isa = PBXGroup;
			children = (
				D88FCCEA19B53C30006FF205 /* Info.plist */,
			);
			name = "Supporting Files";
			sourceTree = "<group>";
		};
		D88FCCFE19B53C30006FF205 /* HexKeyboardTests */ = {
			isa = PBXGroup;
			children = (
				D88FCD0119B53C30006FF205 /* HexKeyboardTests.swift */,
				D88FCCFF19B53C30006FF205 /* Supporting Files */,
				D84B45FE1A3C7BA1001E5233 /* NoteTests.swift */,
			);
			path = HexKeyboardTests;
			sourceTree = "<group>";
		};
		D88FCCFF19B53C30006FF205 /* Supporting Files */ = {
			isa = PBXGroup;
			children = (
				D88FCD0019B53C30006FF205 /* Info.plist */,
			);
			name = "Supporting Files";
			sourceTree = "<group>";
		};
		D8BC7FE719C5D9BA003E62D0 /* Settings Menu */ = {
			isa = PBXGroup;
			children = (
				D84F43F019C5D86D0081E3D1 /* InstrumentSelectionViewController.swift */,
				D8506B6219C5B21900CCE51B /* SemitonesPickerViewController.swift */,
				D8E74F0819BB629D003F2792 /* SettingsViewController.swift */,
			);
			name = "Settings Menu";
			sourceTree = "<group>";
		};
		D8BC7FE819C5DA00003E62D0 /* Instrument */ = {
			isa = PBXGroup;
			children = (
				D84B46001A3C7C7C001E5233 /* Note.swift */,
				D88FCD0B19B53DE2006FF205 /* HexViewController.swift */,
				D8ECE68819B5E8EE00BEB576 /* HexKey.swift */,
				D88FCD0F19B5502D006FF205 /* HexView.swift */,
				D8DEA98D19B6236800CF8FCE /* Synth.swift */,
				D8E8839019B7E0CB00A8EC6D /* MIDISampler.swift */,
				D8DD6D6219C5F3770063F0BE /* Instruments.swift */,
			);
			name = Instrument;
			sourceTree = "<group>";
		};
/* End PBXGroup section */

/* Begin PBXNativeTarget section */
		D88FCCE519B53C30006FF205 /* Harmonic */ = {
			isa = PBXNativeTarget;
			buildConfigurationList = D88FCD0519B53C30006FF205 /* Build configuration list for PBXNativeTarget "Harmonic" */;
			buildPhases = (
				D88FCCE219B53C30006FF205 /* Sources */,
				D88FCCE319B53C30006FF205 /* Frameworks */,
				D88FCCE419B53C30006FF205 /* Resources */,
			);
			buildRules = (
			);
			dependencies = (
			);
			name = Harmonic;
			productName = HexKeyboard;
			productReference = D88FCCE619B53C30006FF205 /* Harmonic.app */;
			productType = "com.apple.product-type.application";
		};
		D88FCCFA19B53C30006FF205 /* HarmonicTests */ = {
			isa = PBXNativeTarget;
			buildConfigurationList = D88FCD0819B53C30006FF205 /* Build configuration list for PBXNativeTarget "HarmonicTests" */;
			buildPhases = (
				D88FCCF719B53C30006FF205 /* Sources */,
				D88FCCF819B53C30006FF205 /* Frameworks */,
				D88FCCF919B53C30006FF205 /* Resources */,
			);
			buildRules = (
			);
			dependencies = (
				D88FCCFD19B53C30006FF205 /* PBXTargetDependency */,
			);
			name = HarmonicTests;
			productName = HexKeyboardTests;
			productReference = D88FCCFB19B53C30006FF205 /* HarmonicTests.xctest */;
			productType = "com.apple.product-type.bundle.unit-test";
		};
/* End PBXNativeTarget section */

/* Begin PBXProject section */
		D88FCCDE19B53C2F006FF205 /* Project object */ = {
			isa = PBXProject;
			attributes = {
				LastUpgradeCheck = 0600;
				ORGANIZATIONNAME = "Joseph Atkins-Turkish";
				TargetAttributes = {
					D88FCCE519B53C30006FF205 = {
						CreatedOnToolsVersion = 6.0;
						DevelopmentTeam = RP693SQC5G;
					};
					D88FCCFA19B53C30006FF205 = {
						CreatedOnToolsVersion = 6.0;
						TestTargetID = D88FCCE519B53C30006FF205;
					};
				};
			};
			buildConfigurationList = D88FCCE119B53C2F006FF205 /* Build configuration list for PBXProject "Harmonic" */;
			compatibilityVersion = "Xcode 3.2";
			developmentRegion = English;
			hasScannedForEncodings = 0;
			knownRegions = (
				en,
				Base,
			);
			mainGroup = D88FCCDD19B53C2F006FF205;
			productRefGroup = D88FCCE719B53C30006FF205 /* Products */;
			projectDirPath = "";
			projectRoot = "";
			targets = (
				D88FCCE519B53C30006FF205 /* Harmonic */,
				D88FCCFA19B53C30006FF205 /* HarmonicTests */,
			);
		};
/* End PBXProject section */

/* Begin PBXResourcesBuildPhase section */
		D88FCCE419B53C30006FF205 /* Resources */ = {
			isa = PBXResourcesBuildPhase;
			buildActionMask = 2147483647;
			files = (
				D8194CBE19C63E3E009F2499 /* Piano.m4a in Resources */,
				D8E391E519C60A9500C506E2 /* record@2x.png in Resources */,
				D8E391E919C6109300C506E2 /* record.png in Resources */,
				D8194CC019C64144009F2499 /* Pulse.m4a in Resources */,
				D838384319B68CBE003D1559 /* Bell.m4a in Resources */,
				D88FCCF419B53C30006FF205 /* Main.storyboard in Resources */,
				D8E391E719C60AF700C506E2 /* record2.png in Resources */,
				D84F43EF19C5C4720081E3D1 /* defaults.plist in Resources */,
				D8EA55DE1A3B400500239629 /* Sampler Files in Resources */,
				D8194CC219C646CD009F2499 /* Swell.m4a in Resources */,
				D88FCCF619B53C30006FF205 /* Images.xcassets in Resources */,
				D8EA55D81A3B3D7A00239629 /* Full Organ.exs in Resources */,
			);
			runOnlyForDeploymentPostprocessing = 0;
		};
		D88FCCF919B53C30006FF205 /* Resources */ = {
			isa = PBXResourcesBuildPhase;
			buildActionMask = 2147483647;
			files = (
			);
			runOnlyForDeploymentPostprocessing = 0;
		};
/* End PBXResourcesBuildPhase section */

/* Begin PBXSourcesBuildPhase section */
		D88FCCE219B53C30006FF205 /* Sources */ = {
			isa = PBXSourcesBuildPhase;
			buildActionMask = 2147483647;
			files = (
				D88FCD1019B5502D006FF205 /* HexView.swift in Sources */,
				D88FCCF119B53C30006FF205 /* ViewController.swift in Sources */,
				D8E8839119B7E0CB00A8EC6D /* MIDISampler.swift in Sources */,
				D8DD6D6319C5F3770063F0BE /* Instruments.swift in Sources */,
				D88B13AD19CC471200D6BDD8 /* UIBezierPath+Hexagon.swift in Sources */,
				D8E74F0919BB629D003F2792 /* SettingsViewController.swift in Sources */,
				D84F43F119C5D86D0081E3D1 /* InstrumentSelectionViewController.swift in Sources */,
				D88FCCEF19B53C30006FF205 /* HexKeyboard.xcdatamodeld in Sources */,
				D84B45FD1A3C6FDB001E5233 /* MainViewController.swift in Sources */,
				D8DEA98E19B6236800CF8FCE /* Synth.swift in Sources */,
				D84B46011A3C7C7C001E5233 /* Note.swift in Sources */,
				D8ECE68919B5E8EE00BEB576 /* HexKey.swift in Sources */,
				D88FCD0C19B53DE2006FF205 /* HexViewController.swift in Sources */,
				D8506B6319C5B21900CCE51B /* SemitonesPickerViewController.swift in Sources */,
				D88FCCEC19B53C30006FF205 /* AppDelegate.swift in Sources */,
			);
			runOnlyForDeploymentPostprocessing = 0;
		};
		D88FCCF719B53C30006FF205 /* Sources */ = {
			isa = PBXSourcesBuildPhase;
			buildActionMask = 2147483647;
			files = (
				D84B46031A3C7CD0001E5233 /* Instruments.swift in Sources */,
				D88FCD0219B53C30006FF205 /* HexKeyboardTests.swift in Sources */,
				D84B46041A3C7CE2001E5233 /* MIDISampler.swift in Sources */,
				D84B45FF1A3C7BA1001E5233 /* NoteTests.swift in Sources */,
				D84B46021A3C7C7C001E5233 /* Note.swift in Sources */,
			);
			runOnlyForDeploymentPostprocessing = 0;
		};
/* End PBXSourcesBuildPhase section */

/* Begin PBXTargetDependency section */
		D88FCCFD19B53C30006FF205 /* PBXTargetDependency */ = {
			isa = PBXTargetDependency;
			target = D88FCCE519B53C30006FF205 /* Harmonic */;
			targetProxy = D88FCCFC19B53C30006FF205 /* PBXContainerItemProxy */;
		};
/* End PBXTargetDependency section */

/* Begin PBXVariantGroup section */
		D88FCCF219B53C30006FF205 /* Main.storyboard */ = {
			isa = PBXVariantGroup;
			children = (
				D88FCCF319B53C30006FF205 /* Base */,
			);
			name = Main.storyboard;
			sourceTree = "<group>";
		};
/* End PBXVariantGroup section */

/* Begin XCBuildConfiguration section */
		D88FCD0319B53C30006FF205 /* Debug */ = {
			isa = XCBuildConfiguration;
			buildSettings = {
				ALWAYS_SEARCH_USER_PATHS = NO;
				CLANG_CXX_LANGUAGE_STANDARD = "gnu++0x";
				CLANG_CXX_LIBRARY = "libc++";
				CLANG_ENABLE_MODULES = YES;
				CLANG_ENABLE_OBJC_ARC = YES;
				CLANG_WARN_BOOL_CONVERSION = YES;
				CLANG_WARN_CONSTANT_CONVERSION = YES;
				CLANG_WARN_DIRECT_OBJC_ISA_USAGE = YES_ERROR;
				CLANG_WARN_EMPTY_BODY = YES;
				CLANG_WARN_ENUM_CONVERSION = YES;
				CLANG_WARN_INT_CONVERSION = YES;
				CLANG_WARN_OBJC_ROOT_CLASS = YES_ERROR;
				CLANG_WARN_UNREACHABLE_CODE = YES;
				CLANG_WARN__DUPLICATE_METHOD_MATCH = YES;
				"CODE_SIGN_IDENTITY[sdk=iphoneos*]" = "iPhone Developer";
				COPY_PHASE_STRIP = NO;
				ENABLE_STRICT_OBJC_MSGSEND = YES;
				GCC_C_LANGUAGE_STANDARD = gnu99;
				GCC_DYNAMIC_NO_PIC = NO;
				GCC_OPTIMIZATION_LEVEL = 0;
				GCC_PREPROCESSOR_DEFINITIONS = (
					"DEBUG=1",
					"$(inherited)",
				);
				GCC_SYMBOLS_PRIVATE_EXTERN = NO;
				GCC_WARN_64_TO_32_BIT_CONVERSION = YES;
				GCC_WARN_ABOUT_RETURN_TYPE = YES_ERROR;
				GCC_WARN_UNDECLARED_SELECTOR = YES;
				GCC_WARN_UNINITIALIZED_AUTOS = YES_AGGRESSIVE;
				GCC_WARN_UNUSED_FUNCTION = YES;
				GCC_WARN_UNUSED_VARIABLE = YES;
				IPHONEOS_DEPLOYMENT_TARGET = 8.0;
				MTL_ENABLE_DEBUG_INFO = YES;
				ONLY_ACTIVE_ARCH = YES;
				SDKROOT = iphoneos;
				SWIFT_OPTIMIZATION_LEVEL = "-Onone";
				TARGETED_DEVICE_FAMILY = "1,2";
			};
			name = Debug;
		};
		D88FCD0419B53C30006FF205 /* Release */ = {
			isa = XCBuildConfiguration;
			buildSettings = {
				ALWAYS_SEARCH_USER_PATHS = NO;
				CLANG_CXX_LANGUAGE_STANDARD = "gnu++0x";
				CLANG_CXX_LIBRARY = "libc++";
				CLANG_ENABLE_MODULES = YES;
				CLANG_ENABLE_OBJC_ARC = YES;
				CLANG_WARN_BOOL_CONVERSION = YES;
				CLANG_WARN_CONSTANT_CONVERSION = YES;
				CLANG_WARN_DIRECT_OBJC_ISA_USAGE = YES_ERROR;
				CLANG_WARN_EMPTY_BODY = YES;
				CLANG_WARN_ENUM_CONVERSION = YES;
				CLANG_WARN_INT_CONVERSION = YES;
				CLANG_WARN_OBJC_ROOT_CLASS = YES_ERROR;
				CLANG_WARN_UNREACHABLE_CODE = YES;
				CLANG_WARN__DUPLICATE_METHOD_MATCH = YES;
				"CODE_SIGN_IDENTITY[sdk=iphoneos*]" = "iPhone Developer";
				COPY_PHASE_STRIP = YES;
				ENABLE_NS_ASSERTIONS = NO;
				ENABLE_STRICT_OBJC_MSGSEND = YES;
				GCC_C_LANGUAGE_STANDARD = gnu99;
				GCC_WARN_64_TO_32_BIT_CONVERSION = YES;
				GCC_WARN_ABOUT_RETURN_TYPE = YES_ERROR;
				GCC_WARN_UNDECLARED_SELECTOR = YES;
				GCC_WARN_UNINITIALIZED_AUTOS = YES_AGGRESSIVE;
				GCC_WARN_UNUSED_FUNCTION = YES;
				GCC_WARN_UNUSED_VARIABLE = YES;
				IPHONEOS_DEPLOYMENT_TARGET = 8.0;
				MTL_ENABLE_DEBUG_INFO = NO;
				SDKROOT = iphoneos;
				TARGETED_DEVICE_FAMILY = "1,2";
				VALIDATE_PRODUCT = YES;
			};
			name = Release;
		};
		D88FCD0619B53C30006FF205 /* Debug */ = {
			isa = XCBuildConfiguration;
			buildSettings = {
				ASSETCATALOG_COMPILER_APPICON_NAME = AppIcon;
				ASSETCATALOG_COMPILER_LAUNCHIMAGE_NAME = LaunchImage;
				CODE_SIGN_IDENTITY = "iPhone Developer";
				"CODE_SIGN_IDENTITY[sdk=iphoneos*]" = "iPhone Developer";
				INFOPLIST_FILE = HexKeyboard/Info.plist;
				IPHONEOS_DEPLOYMENT_TARGET = 7.1;
				LD_RUNPATH_SEARCH_PATHS = "$(inherited) @executable_path/Frameworks";
				PRODUCT_NAME = Harmonic;
				PROVISIONING_PROFILE = "";
				SDKROOT = iphoneos;
				TARGETED_DEVICE_FAMILY = 1;
			};
			name = Debug;
		};
		D88FCD0719B53C30006FF205 /* Release */ = {
			isa = XCBuildConfiguration;
			buildSettings = {
				ASSETCATALOG_COMPILER_APPICON_NAME = AppIcon;
				ASSETCATALOG_COMPILER_LAUNCHIMAGE_NAME = LaunchImage;
				CODE_SIGN_IDENTITY = "iPhone Developer";
				"CODE_SIGN_IDENTITY[sdk=iphoneos*]" = "iPhone Developer";
				INFOPLIST_FILE = HexKeyboard/Info.plist;
				IPHONEOS_DEPLOYMENT_TARGET = 7.1;
				LD_RUNPATH_SEARCH_PATHS = "$(inherited) @executable_path/Frameworks";
				PRODUCT_NAME = Harmonic;
				PROVISIONING_PROFILE = "";
				SDKROOT = iphoneos;
				TARGETED_DEVICE_FAMILY = 1;
			};
			name = Release;
		};
		D88FCD0919B53C30006FF205 /* Debug */ = {
			isa = XCBuildConfiguration;
			buildSettings = {
				BUNDLE_LOADER = "$(TEST_HOST)";
				FRAMEWORK_SEARCH_PATHS = (
					"$(SDKROOT)/Developer/Library/Frameworks",
					"$(inherited)",
				);
				GCC_PREPROCESSOR_DEFINITIONS = (
					"DEBUG=1",
					"$(inherited)",
				);
				INFOPLIST_FILE = HexKeyboardTests/Info.plist;
				LD_RUNPATH_SEARCH_PATHS = "$(inherited) @executable_path/Frameworks @loader_path/Frameworks";
				PRODUCT_NAME = HarmonicTests;
				TEST_HOST = "$(BUILT_PRODUCTS_DIR)/Harmonic.app/Harmonic";
			};
			name = Debug;
		};
		D88FCD0A19B53C30006FF205 /* Release */ = {
			isa = XCBuildConfiguration;
			buildSettings = {
				BUNDLE_LOADER = "$(TEST_HOST)";
				FRAMEWORK_SEARCH_PATHS = (
					"$(SDKROOT)/Developer/Library/Frameworks",
					"$(inherited)",
				);
				INFOPLIST_FILE = HexKeyboardTests/Info.plist;
				LD_RUNPATH_SEARCH_PATHS = "$(inherited) @executable_path/Frameworks @loader_path/Frameworks";
				PRODUCT_NAME = HarmonicTests;
				TEST_HOST = "$(BUILT_PRODUCTS_DIR)/Harmonic.app/Harmonic";
			};
			name = Release;
		};
/* End XCBuildConfiguration section */

/* Begin XCConfigurationList section */
		D88FCCE119B53C2F006FF205 /* Build configuration list for PBXProject "Harmonic" */ = {
			isa = XCConfigurationList;
			buildConfigurations = (
				D88FCD0319B53C30006FF205 /* Debug */,
				D88FCD0419B53C30006FF205 /* Release */,
			);
			defaultConfigurationIsVisible = 0;
			defaultConfigurationName = Release;
		};
		D88FCD0519B53C30006FF205 /* Build configuration list for PBXNativeTarget "Harmonic" */ = {
			isa = XCConfigurationList;
			buildConfigurations = (
				D88FCD0619B53C30006FF205 /* Debug */,
				D88FCD0719B53C30006FF205 /* Release */,
			);
			defaultConfigurationIsVisible = 0;
			defaultConfigurationName = Release;
		};
		D88FCD0819B53C30006FF205 /* Build configuration list for PBXNativeTarget "HarmonicTests" */ = {
			isa = XCConfigurationList;
			buildConfigurations = (
				D88FCD0919B53C30006FF205 /* Debug */,
				D88FCD0A19B53C30006FF205 /* Release */,
			);
			defaultConfigurationIsVisible = 0;
			defaultConfigurationName = Release;
		};
/* End XCConfigurationList section */

/* Begin XCVersionGroup section */
		D88FCCED19B53C30006FF205 /* HexKeyboard.xcdatamodeld */ = {
			isa = XCVersionGroup;
			children = (
				D88FCCEE19B53C30006FF205 /* HexKeyboard.xcdatamodel */,
			);
			currentVersion = D88FCCEE19B53C30006FF205 /* HexKeyboard.xcdatamodel */;
			path = HexKeyboard.xcdatamodeld;
			sourceTree = "<group>";
			versionGroupType = wrapper.xcdatamodel;
		};
/* End XCVersionGroup section */
	};
	rootObject = D88FCCDE19B53C2F006FF205 /* Project object */;
}
